
Microsoft Visual Studio Solution File, Format Version 12.00
# Visual Studio Version 16
VisualStudioVersion = 16.0.32929.386
MinimumVisualStudioVersion = 10.0.40219.1
Project("{FAE04EC0-301F-11D3-BF4B-00C04F79EFBC}") = "EntityFrameworkPractice2", "EntityFrameworkPractice2.csproj", "{0B91B8A2-9648-4542-9872-0EF82B3EE569}"
EndProject
Global
	GlobalSection(SolutionConfigurationPlatforms) = preSolution
		Debug|Any CPU = Debug|Any CPU
		Release|Any CPU = Release|Any CPU
	EndGlobalSection
	GlobalSection(ProjectConfigurationPlatforms) = postSolution
		{0B91B8A2-9648-4542-9872-0EF82B3EE569}.Debug|Any CPU.ActiveCfg = Debug|Any CPU
		{0B91B8A2-9648-4542-9872-0EF82B3EE569}.Debug|Any CPU.Build.0 = Debug|Any CPU
		{0B91B8A2-9648-4542-9872-0EF82B3EE569}.Release|Any CPU.ActiveCfg = Release|Any CPU
		{0B91B8A2-9648-4542-9872-0EF82B3EE569}.Release|Any CPU.Build.0 = Release|Any CPU
	EndGlobalSection
	GlobalSection(SolutionProperties) = preSolution
		HideSolutionNode = FALSE
	EndGlobalSection
	GlobalSection(ExtensibilityGlobals) = postSolution
		SolutionGuid = {BD8AA45E-C7ED-4AB5-A161-656F58175614}
	EndGlobalSection
EndGlobal
